
Microsoft Visual Studio Solution File, Format Version 12.00
# Visual Studio Version 18
VisualStudioVersion = 18.1.11304.174 d18.0
MinimumVisualStudioVersion = 10.0.40219.1
Project("{2150E333-8FDC-42A3-9474-1A3956D46DE8}") = "PropostaService", "PropostaService", "{12908AE1-9F35-CC6E-6A6B-D40B7CA86BDA}"
	ProjectSection(SolutionItems) = preProject
		.gitignore = .gitignore
	EndProjectSection
EndProject
Project("{FAE04EC0-301F-11D3-BF4B-00C04F79EFBC}") = "PropostaService.Domain", "PropostaService\PropostaService.Domain\PropostaService.Domain.csproj", "{CC514AD4-9339-4989-8237-DCA5B402D50A}"
EndProject
Project("{FAE04EC0-301F-11D3-BF4B-00C04F79EFBC}") = "PropostaService.Application", "PropostaService\PropostaService.Application\PropostaService.Application.csproj", "{4E7CBC5E-3229-49C1-8BB3-0C003CA91450}"
EndProject
Project("{FAE04EC0-301F-11D3-BF4B-00C04F79EFBC}") = "PropostaService.Infrastructure", "PropostaService\PropostaService.Infrastructure\PropostaService.Infrastructure.csproj", "{1B085B8D-FD99-4EEA-9D88-694BBB53CC2F}"
EndProject
Project("{FAE04EC0-301F-11D3-BF4B-00C04F79EFBC}") = "PropostaService.API", "PropostaService\PropostaService.API\PropostaService.API.csproj", "{A381C616-33ED-4607-9CE4-8FF5A2BED41F}"
EndProject
Project("{FAE04EC0-301F-11D3-BF4B-00C04F79EFBC}") = "PropostaService.Tests", "PropostaService\PropostaService.Tests\PropostaService.Tests.csproj", "{AEA52F66-C975-41F3-99D6-4FCB37348D68}"
EndProject
Project("{2150E333-8FDC-42A3-9474-1A3956D46DE8}") = "ContratacaoService", "ContratacaoService", "{90D05A91-A326-050F-70D3-F426CCE873F3}"
EndProject
Project("{FAE04EC0-301F-11D3-BF4B-00C04F79EFBC}") = "ContratacaoService.Domain", "ContratacaoService\ContratacaoService.Domain\ContratacaoService.Domain.csproj", "{41916C94-AC31-41FB-B0F5-2BFC544E128D}"
EndProject
Project("{FAE04EC0-301F-11D3-BF4B-00C04F79EFBC}") = "ContratacaoService.Application", "ContratacaoService\ContratacaoService.Application\ContratacaoService.Application.csproj", "{0B8FD694-C8C2-4B29-BD1E-14F085933C97}"
EndProject
Project("{FAE04EC0-301F-11D3-BF4B-00C04F79EFBC}") = "ContratacaoService.Infrastructure", "ContratacaoService\ContratacaoService.Infrastructure\ContratacaoService.Infrastructure.csproj", "{95A6A2DB-7282-4428-B9C2-5B92EDB0DB11}"
EndProject
Project("{FAE04EC0-301F-11D3-BF4B-00C04F79EFBC}") = "ContratacaoService.API", "ContratacaoService\ContratacaoService.API\ContratacaoService.API.csproj", "{3D6BBC8D-2A9F-4A28-A348-EF65A99590F3}"
EndProject
Project("{FAE04EC0-301F-11D3-BF4B-00C04F79EFBC}") = "ContratacaoService.Tests", "ContratacaoService\ContratacaoService.Tests\ContratacaoService.Tests.csproj", "{A5951FA3-5B89-4568-90E3-9B90D3B94F8B}"
EndProject
Global
	GlobalSection(SolutionConfigurationPlatforms) = preSolution
		Debug|Any CPU = Debug|Any CPU
		Debug|x64 = Debug|x64
		Debug|x86 = Debug|x86
		Release|Any CPU = Release|Any CPU
		Release|x64 = Release|x64
		Release|x86 = Release|x86
	EndGlobalSection
	GlobalSection(ProjectConfigurationPlatforms) = postSolution
		{CC514AD4-9339-4989-8237-DCA5B402D50A}.Debug|Any CPU.ActiveCfg = Debug|Any CPU
		{CC514AD4-9339-4989-8237-DCA5B402D50A}.Debug|Any CPU.Build.0 = Debug|Any CPU
		{CC514AD4-9339-4989-8237-DCA5B402D50A}.Debug|x64.ActiveCfg = Debug|Any CPU
		{CC514AD4-9339-4989-8237-DCA5B402D50A}.Debug|x64.Build.0 = Debug|Any CPU
		{CC514AD4-9339-4989-8237-DCA5B402D50A}.Debug|x86.ActiveCfg = Debug|Any CPU
		{CC514AD4-9339-4989-8237-DCA5B402D50A}.Debug|x86.Build.0 = Debug|Any CPU
		{CC514AD4-9339-4989-8237-DCA5B402D50A}.Release|Any CPU.ActiveCfg = Release|Any CPU
		{CC514AD4-9339-4989-8237-DCA5B402D50A}.Release|Any CPU.Build.0 = Release|Any CPU
		{CC514AD4-9339-4989-8237-DCA5B402D50A}.Release|x64.ActiveCfg = Release|Any CPU
		{CC514AD4-9339-4989-8237-DCA5B402D50A}.Release|x64.Build.0 = Release|Any CPU
		{CC514AD4-9339-4989-8237-DCA5B402D50A}.Release|x86.ActiveCfg = Release|Any CPU
		{CC514AD4-9339-4989-8237-DCA5B402D50A}.Release|x86.Build.0 = Release|Any CPU
		{4E7CBC5E-3229-49C1-8BB3-0C003CA91450}.Debug|Any CPU.ActiveCfg = Debug|Any CPU
		{4E7CBC5E-3229-49C1-8BB3-0C003CA91450}.Debug|Any CPU.Build.0 = Debug|Any CPU
		{4E7CBC5E-3229-49C1-8BB3-0C003CA91450}.Debug|x64.ActiveCfg = Debug|Any CPU
		{4E7CBC5E-3229-49C1-8BB3-0C003CA91450}.Debug|x64.Build.0 = Debug|Any CPU
		{4E7CBC5E-3229-49C1-8BB3-0C003CA91450}.Debug|x86.ActiveCfg = Debug|Any CPU
		{4E7CBC5E-3229-49C1-8BB3-0C003CA91450}.Debug|x86.Build.0 = Debug|Any CPU
		{4E7CBC5E-3229-49C1-8BB3-0C003CA91450}.Release|Any CPU.ActiveCfg = Release|Any CPU
		{4E7CBC5E-3229-49C1-8BB3-0C003CA91450}.Release|Any CPU.Build.0 = Release|Any CPU
		{4E7CBC5E-3229-49C1-8BB3-0C003CA91450}.Release|x64.ActiveCfg = Release|Any CPU
		{4E7CBC5E-3229-49C1-8BB3-0C003CA91450}.Release|x64.Build.0 = Release|Any CPU
		{4E7CBC5E-3229-49C1-8BB3-0C003CA91450}.Release|x86.ActiveCfg = Release|Any CPU
		{4E7CBC5E-3229-49C1-8BB3-0C003CA91450}.Release|x86.Build.0 = Release|Any CPU
		{1B085B8D-FD99-4EEA-9D88-694BBB53CC2F}.Debug|Any CPU.ActiveCfg = Debug|Any CPU
		{1B085B8D-FD99-4EEA-9D88-694BBB53CC2F}.Debug|Any CPU.Build.0 = Debug|Any CPU
		{1B085B8D-FD99-4EEA-9D88-694BBB53CC2F}.Debug|x64.ActiveCfg = Debug|Any CPU
		{1B085B8D-FD99-4EEA-9D88-694BBB53CC2F}.Debug|x64.Build.0 = Debug|Any CPU
		{1B085B8D-FD99-4EEA-9D88-694BBB53CC2F}.Debug|x86.ActiveCfg = Debug|Any CPU
		{1B085B8D-FD99-4EEA-9D88-694BBB53CC2F}.Debug|x86.Build.0 = Debug|Any CPU
		{1B085B8D-FD99-4EEA-9D88-694BBB53CC2F}.Release|Any CPU.ActiveCfg = Release|Any CPU
		{1B085B8D-FD99-4EEA-9D88-694BBB53CC2F}.Release|Any CPU.Build.0 = Release|Any CPU
		{1B085B8D-FD99-4EEA-9D88-694BBB53CC2F}.Release|x64.ActiveCfg = Release|Any CPU
		{1B085B8D-FD99-4EEA-9D88-694BBB53CC2F}.Release|x64.Build.0 = Release|Any CPU
		{1B085B8D-FD99-4EEA-9D88-694BBB53CC2F}.Release|x86.ActiveCfg = Release|Any CPU
		{1B085B8D-FD99-4EEA-9D88-694BBB53CC2F}.Release|x86.Build.0 = Release|Any CPU
		{A381C616-33ED-4607-9CE4-8FF5A2BED41F}.Debug|Any CPU.ActiveCfg = Debug|Any CPU
		{A381C616-33ED-4607-9CE4-8FF5A2BED41F}.Debug|Any CPU.Build.0 = Debug|Any CPU
		{A381C616-33ED-4607-9CE4-8FF5A2BED41F}.Debug|x64.ActiveCfg = Debug|Any CPU
		{A381C616-33ED-4607-9CE4-8FF5A2BED41F}.Debug|x64.Build.0 = Debug|Any CPU
		{A381C616-33ED-4607-9CE4-8FF5A2BED41F}.Debug|x86.ActiveCfg = Debug|Any CPU
		{A381C616-33ED-4607-9CE4-8FF5A2BED41F}.Debug|x86.Build.0 = Debug|Any CPU
		{A381C616-33ED-4607-9CE4-8FF5A2BED41F}.Release|Any CPU.ActiveCfg = Release|Any CPU
		{A381C616-33ED-4607-9CE4-8FF5A2BED41F}.Release|Any CPU.Build.0 = Release|Any CPU
		{A381C616-33ED-4607-9CE4-8FF5A2BED41F}.Release|x64.ActiveCfg = Release|Any CPU
		{A381C616-33ED-4607-9CE4-8FF5A2BED41F}.Release|x64.Build.0 = Release|Any CPU
		{A381C616-33ED-4607-9CE4-8FF5A2BED41F}.Release|x86.ActiveCfg = Release|Any CPU
		{A381C616-33ED-4607-9CE4-8FF5A2BED41F}.Release|x86.Build.0 = Release|Any CPU
		{AEA52F66-C975-41F3-99D6-4FCB37348D68}.Debug|Any CPU.ActiveCfg = Debug|Any CPU
		{AEA52F66-C975-41F3-99D6-4FCB37348D68}.Debug|Any CPU.Build.0 = Debug|Any CPU
		{AEA52F66-C975-41F3-99D6-4FCB37348D68}.Debug|x64.ActiveCfg = Debug|Any CPU
		{AEA52F66-C975-41F3-99D6-4FCB37348D68}.Debug|x64.Build.0 = Debug|Any CPU
		{AEA52F66-C975-41F3-99D6-4FCB37348D68}.Debug|x86.ActiveCfg = Debug|Any CPU
		{AEA52F66-C975-41F3-99D6-4FCB37348D68}.Debug|x86.Build.0 = Debug|Any CPU
		{AEA52F66-C975-41F3-99D6-4FCB37348D68}.Release|Any CPU.ActiveCfg = Release|Any CPU
		{AEA52F66-C975-41F3-99D6-4FCB37348D68}.Release|Any CPU.Build.0 = Release|Any CPU
		{AEA52F66-C975-41F3-99D6-4FCB37348D68}.Release|x64.ActiveCfg = Release|Any CPU
		{AEA52F66-C975-41F3-99D6-4FCB37348D68}.Release|x64.Build.0 = Release|Any CPU
		{AEA52F66-C975-41F3-99D6-4FCB37348D68}.Release|x86.ActiveCfg = Release|Any CPU
		{AEA52F66-C975-41F3-99D6-4FCB37348D68}.Release|x86.Build.0 = Release|Any CPU
		{41916C94-AC31-41FB-B0F5-2BFC544E128D}.Debug|Any CPU.ActiveCfg = Debug|Any CPU
		{41916C94-AC31-41FB-B0F5-2BFC544E128D}.Debug|Any CPU.Build.0 = Debug|Any CPU
		{41916C94-AC31-41FB-B0F5-2BFC544E128D}.Debug|x64.ActiveCfg = Debug|Any CPU
		{41916C94-AC31-41FB-B0F5-2BFC544E128D}.Debug|x64.Build.0 = Debug|Any CPU
		{41916C94-AC31-41FB-B0F5-2BFC544E128D}.Debug|x86.ActiveCfg = Debug|Any CPU
		{41916C94-AC31-41FB-B0F5-2BFC544E128D}.Debug|x86.Build.0 = Debug|Any CPU
		{41916C94-AC31-41FB-B0F5-2BFC544E128D}.Release|Any CPU.ActiveCfg = Release|Any CPU
		{41916C94-AC31-41FB-B0F5-2BFC544E128D}.Release|Any CPU.Build.0 = Release|Any CPU
		{41916C94-AC31-41FB-B0F5-2BFC544E128D}.Release|x64.ActiveCfg = Release|Any CPU
		{41916C94-AC31-41FB-B0F5-2BFC544E128D}.Release|x64.Build.0 = Release|Any CPU
		{41916C94-AC31-41FB-B0F5-2BFC544E128D}.Release|x86.ActiveCfg = Release|Any CPU
		{41916C94-AC31-41FB-B0F5-2BFC544E128D}.Release|x86.Build.0 = Release|Any CPU
		{0B8FD694-C8C2-4B29-BD1E-14F085933C97}.Debug|Any CPU.ActiveCfg = Debug|Any CPU
		{0B8FD694-C8C2-4B29-BD1E-14F085933C97}.Debug|Any CPU.Build.0 = Debug|Any CPU
		{0B8FD694-C8C2-4B29-BD1E-14F085933C97}.Debug|x64.ActiveCfg = Debug|Any CPU
		{0B8FD694-C8C2-4B29-BD1E-14F085933C97}.Debug|x64.Build.0 = Debug|Any CPU
		{0B8FD694-C8C2-4B29-BD1E-14F085933C97}.Debug|x86.ActiveCfg = Debug|Any CPU
		{0B8FD694-C8C2-4B29-BD1E-14F085933C97}.Debug|x86.Build.0 = Debug|Any CPU
		{0B8FD694-C8C2-4B29-BD1E-14F085933C97}.Release|Any CPU.ActiveCfg = Release|Any CPU
		{0B8FD694-C8C2-4B29-BD1E-14F085933C97}.Release|Any CPU.Build.0 = Release|Any CPU
		{0B8FD694-C8C2-4B29-BD1E-14F085933C97}.Release|x64.ActiveCfg = Release|Any CPU
		{0B8FD694-C8C2-4B29-BD1E-14F085933C97}.Release|x64.Build.0 = Release|Any CPU
		{0B8FD694-C8C2-4B29-BD1E-14F085933C97}.Release|x86.ActiveCfg = Release|Any CPU
		{0B8FD694-C8C2-4B29-BD1E-14F085933C97}.Release|x86.Build.0 = Release|Any CPU
		{95A6A2DB-7282-4428-B9C2-5B92EDB0DB11}.Debug|Any CPU.ActiveCfg = Debug|Any CPU
		{95A6A2DB-7282-4428-B9C2-5B92EDB0DB11}.Debug|Any CPU.Build.0 = Debug|Any CPU
		{95A6A2DB-7282-4428-B9C2-5B92EDB0DB11}.Debug|x64.ActiveCfg = Debug|Any CPU
		{95A6A2DB-7282-4428-B9C2-5B92EDB0DB11}.Debug|x64.Build.0 = Debug|Any CPU
		{95A6A2DB-7282-4428-B9C2-5B92EDB0DB11}.Debug|x86.ActiveCfg = Debug|Any CPU
		{95A6A2DB-7282-4428-B9C2-5B92EDB0DB11}.Debug|x86.Build.0 = Debug|Any CPU
		{95A6A2DB-7282-4428-B9C2-5B92EDB0DB11}.Release|Any CPU.ActiveCfg = Release|Any CPU
		{95A6A2DB-7282-4428-B9C2-5B92EDB0DB11}.Release|Any CPU.Build.0 = Release|Any CPU
		{95A6A2DB-7282-4428-B9C2-5B92EDB0DB11}.Release|x64.ActiveCfg = Release|Any CPU
		{95A6A2DB-7282-4428-B9C2-5B92EDB0DB11}.Release|x64.Build.0 = Release|Any CPU
		{95A6A2DB-7282-4428-B9C2-5B92EDB0DB11}.Release|x86.ActiveCfg = Release|Any CPU
		{95A6A2DB-7282-4428-B9C2-5B92EDB0DB11}.Release|x86.Build.0 = Release|Any CPU
		{3D6BBC8D-2A9F-4A28-A348-EF65A99590F3}.Debug|Any CPU.ActiveCfg = Debug|Any CPU
		{3D6BBC8D-2A9F-4A28-A348-EF65A99590F3}.Debug|Any CPU.Build.0 = Debug|Any CPU
		{3D6BBC8D-2A9F-4A28-A348-EF65A99590F3}.Debug|x64.ActiveCfg = Debug|Any CPU
		{3D6BBC8D-2A9F-4A28-A348-EF65A99590F3}.Debug|x64.Build.0 = Debug|Any CPU
		{3D6BBC8D-2A9F-4A28-A348-EF65A99590F3}.Debug|x86.ActiveCfg = Debug|Any CPU
		{3D6BBC8D-2A9F-4A28-A348-EF65A99590F3}.Debug|x86.Build.0 = Debug|Any CPU
		{3D6BBC8D-2A9F-4A28-A348-EF65A99590F3}.Release|Any CPU.ActiveCfg = Release|Any CPU
		{3D6BBC8D-2A9F-4A28-A348-EF65A99590F3}.Release|Any CPU.Build.0 = Release|Any CPU
		{3D6BBC8D-2A9F-4A28-A348-EF65A99590F3}.Release|x64.ActiveCfg = Release|Any CPU
		{3D6BBC8D-2A9F-4A28-A348-EF65A99590F3}.Release|x64.Build.0 = Release|Any CPU
		{3D6BBC8D-2A9F-4A28-A348-EF65A99590F3}.Release|x86.ActiveCfg = Release|Any CPU
		{3D6BBC8D-2A9F-4A28-A348-EF65A99590F3}.Release|x86.Build.0 = Release|Any CPU
		{A5951FA3-5B89-4568-90E3-9B90D3B94F8B}.Debug|Any CPU.ActiveCfg = Debug|Any CPU
		{A5951FA3-5B89-4568-90E3-9B90D3B94F8B}.Debug|Any CPU.Build.0 = Debug|Any CPU
		{A5951FA3-5B89-4568-90E3-9B90D3B94F8B}.Debug|x64.ActiveCfg = Debug|Any CPU
		{A5951FA3-5B89-4568-90E3-9B90D3B94F8B}.Debug|x64.Build.0 = Debug|Any CPU
		{A5951FA3-5B89-4568-90E3-9B90D3B94F8B}.Debug|x86.ActiveCfg = Debug|Any CPU
		{A5951FA3-5B89-4568-90E3-9B90D3B94F8B}.Debug|x86.Build.0 = Debug|Any CPU
		{A5951FA3-5B89-4568-90E3-9B90D3B94F8B}.Release|Any CPU.ActiveCfg = Release|Any CPU
		{A5951FA3-5B89-4568-90E3-9B90D3B94F8B}.Release|Any CPU.Build.0 = Release|Any CPU
		{A5951FA3-5B89-4568-90E3-9B90D3B94F8B}.Release|x64.ActiveCfg = Release|Any CPU
		{A5951FA3-5B89-4568-90E3-9B90D3B94F8B}.Release|x64.Build.0 = Release|Any CPU
		{A5951FA3-5B89-4568-90E3-9B90D3B94F8B}.Release|x86.ActiveCfg = Release|Any CPU
		{A5951FA3-5B89-4568-90E3-9B90D3B94F8B}.Release|x86.Build.0 = Release|Any CPU
	EndGlobalSection
	GlobalSection(SolutionProperties) = preSolution
		HideSolutionNode = FALSE
	EndGlobalSection
	GlobalSection(NestedProjects) = preSolution
		{CC514AD4-9339-4989-8237-DCA5B402D50A} = {12908AE1-9F35-CC6E-6A6B-D40B7CA86BDA}
		{4E7CBC5E-3229-49C1-8BB3-0C003CA91450} = {12908AE1-9F35-CC6E-6A6B-D40B7CA86BDA}
		{1B085B8D-FD99-4EEA-9D88-694BBB53CC2F} = {12908AE1-9F35-CC6E-6A6B-D40B7CA86BDA}
		{A381C616-33ED-4607-9CE4-8FF5A2BED41F} = {12908AE1-9F35-CC6E-6A6B-D40B7CA86BDA}
		{AEA52F66-C975-41F3-99D6-4FCB37348D68} = {12908AE1-9F35-CC6E-6A6B-D40B7CA86BDA}
		{41916C94-AC31-41FB-B0F5-2BFC544E128D} = {90D05A91-A326-050F-70D3-F426CCE873F3}
		{0B8FD694-C8C2-4B29-BD1E-14F085933C97} = {90D05A91-A326-050F-70D3-F426CCE873F3}
		{95A6A2DB-7282-4428-B9C2-5B92EDB0DB11} = {90D05A91-A326-050F-70D3-F426CCE873F3}
		{3D6BBC8D-2A9F-4A28-A348-EF65A99590F3} = {90D05A91-A326-050F-70D3-F426CCE873F3}
		{A5951FA3-5B89-4568-90E3-9B90D3B94F8B} = {90D05A91-A326-050F-70D3-F426CCE873F3}
	EndGlobalSection
	GlobalSection(ExtensibilityGlobals) = postSolution
		SolutionGuid = {EA5D0CD6-C9B2-446C-AC9A-A81E7D3154BC}
	EndGlobalSection
EndGlobal
